
Microsoft Visual Studio Solution File, Format Version 12.00
# Visual Studio 15
VisualStudioVersion = 15.0.26228.4
MinimumVisualStudioVersion = 10.0.40219.1
Project("{FAE04EC0-301F-11D3-BF4B-00C04F79EFBC}") = "LogFlow", "UI\SmartViewer\LogFlow.csproj", "{66DD84F8-C54C-4010-8974-0B4143FDE508}"
EndProject
Project("{FAE04EC0-301F-11D3-BF4B-00C04F79EFBC}") = "DataModel", "UI\DataModel\DataModel.csproj", "{CE966E0F-5B72-423A-9D2A-D4B6B23CE1B4}"
EndProject
Project("{FAE04EC0-301F-11D3-BF4B-00C04F79EFBC}") = "LogSourceBase", "Common\LogSourceBase\LogSourceBase.csproj", "{9786AEEC-16CA-47D6-B125-B4E5BD7CA2A0}"
EndProject
Project("{8BC9CEB8-8B4A-11D0-8D11-00A0C91BC942}") = "logParser", "LogSource\logParser\logParser.vcxproj", "{B4C0BE71-C006-4DE3-8C69-41253C47C393}"
EndProject
Project("{8BC9CEB8-8B4A-11D0-8D11-00A0C91BC942}") = "LogParserWrapper", "LogSource\LogParserWrapper\LogParserWrapper.vcxproj", "{A5EC814B-ED75-4997-B127-8D8B8AC8EE3E}"
EndProject
Project("{FAE04EC0-301F-11D3-BF4B-00C04F79EFBC}") = "CosmosLogSource", "LogSource\CosmosLogSource\CosmosLogSource.csproj", "{ECEC5B7F-FB49-4A27-9E47-7691B519AC1B}"
EndProject
Project("{FAE04EC0-301F-11D3-BF4B-00C04F79EFBC}") = "LogFilter", "LogFilter\LogFilter.csproj", "{63A0163A-7B24-4F53-8BFF-8804438C4FAA}"
EndProject
Project("{FAE04EC0-301F-11D3-BF4B-00C04F79EFBC}") = "LogFilter.UnitTest", "LogFilter.UnitTest\LogFilter.UnitTest.csproj", "{AFE24E30-B920-40B8-B58D-A937B5D2AE73}"
EndProject
Global
	GlobalSection(SolutionConfigurationPlatforms) = preSolution
		Debug|Any CPU = Debug|Any CPU
		Debug|x64 = Debug|x64
		Debug|x86 = Debug|x86
		Release|Any CPU = Release|Any CPU
		Release|x64 = Release|x64
		Release|x86 = Release|x86
	EndGlobalSection
	GlobalSection(ProjectConfigurationPlatforms) = postSolution
		{66DD84F8-C54C-4010-8974-0B4143FDE508}.Debug|Any CPU.ActiveCfg = Debug|Any CPU
		{66DD84F8-C54C-4010-8974-0B4143FDE508}.Debug|Any CPU.Build.0 = Debug|Any CPU
		{66DD84F8-C54C-4010-8974-0B4143FDE508}.Debug|x64.ActiveCfg = Debug|Any CPU
		{66DD84F8-C54C-4010-8974-0B4143FDE508}.Debug|x64.Build.0 = Debug|Any CPU
		{66DD84F8-C54C-4010-8974-0B4143FDE508}.Debug|x86.ActiveCfg = Debug|Any CPU
		{66DD84F8-C54C-4010-8974-0B4143FDE508}.Debug|x86.Build.0 = Debug|Any CPU
		{66DD84F8-C54C-4010-8974-0B4143FDE508}.Release|Any CPU.ActiveCfg = Release|Any CPU
		{66DD84F8-C54C-4010-8974-0B4143FDE508}.Release|Any CPU.Build.0 = Release|Any CPU
		{66DD84F8-C54C-4010-8974-0B4143FDE508}.Release|x64.ActiveCfg = Release|Any CPU
		{66DD84F8-C54C-4010-8974-0B4143FDE508}.Release|x64.Build.0 = Release|Any CPU
		{66DD84F8-C54C-4010-8974-0B4143FDE508}.Release|x86.ActiveCfg = Release|Any CPU
		{66DD84F8-C54C-4010-8974-0B4143FDE508}.Release|x86.Build.0 = Release|Any CPU
		{CE966E0F-5B72-423A-9D2A-D4B6B23CE1B4}.Debug|Any CPU.ActiveCfg = Debug|Any CPU
		{CE966E0F-5B72-423A-9D2A-D4B6B23CE1B4}.Debug|Any CPU.Build.0 = Debug|Any CPU
		{CE966E0F-5B72-423A-9D2A-D4B6B23CE1B4}.Debug|x64.ActiveCfg = Debug|Any CPU
		{CE966E0F-5B72-423A-9D2A-D4B6B23CE1B4}.Debug|x64.Build.0 = Debug|Any CPU
		{CE966E0F-5B72-423A-9D2A-D4B6B23CE1B4}.Debug|x86.ActiveCfg = Debug|Any CPU
		{CE966E0F-5B72-423A-9D2A-D4B6B23CE1B4}.Debug|x86.Build.0 = Debug|Any CPU
		{CE966E0F-5B72-423A-9D2A-D4B6B23CE1B4}.Release|Any CPU.ActiveCfg = Release|Any CPU
		{CE966E0F-5B72-423A-9D2A-D4B6B23CE1B4}.Release|Any CPU.Build.0 = Release|Any CPU
		{CE966E0F-5B72-423A-9D2A-D4B6B23CE1B4}.Release|x64.ActiveCfg = Release|Any CPU
		{CE966E0F-5B72-423A-9D2A-D4B6B23CE1B4}.Release|x64.Build.0 = Release|Any CPU
		{CE966E0F-5B72-423A-9D2A-D4B6B23CE1B4}.Release|x86.ActiveCfg = Release|Any CPU
		{CE966E0F-5B72-423A-9D2A-D4B6B23CE1B4}.Release|x86.Build.0 = Release|Any CPU
		{9786AEEC-16CA-47D6-B125-B4E5BD7CA2A0}.Debug|Any CPU.ActiveCfg = Debug|Any CPU
		{9786AEEC-16CA-47D6-B125-B4E5BD7CA2A0}.Debug|Any CPU.Build.0 = Debug|Any CPU
		{9786AEEC-16CA-47D6-B125-B4E5BD7CA2A0}.Debug|x64.ActiveCfg = Debug|Any CPU
		{9786AEEC-16CA-47D6-B125-B4E5BD7CA2A0}.Debug|x64.Build.0 = Debug|Any CPU
		{9786AEEC-16CA-47D6-B125-B4E5BD7CA2A0}.Debug|x86.ActiveCfg = Debug|Any CPU
		{9786AEEC-16CA-47D6-B125-B4E5BD7CA2A0}.Debug|x86.Build.0 = Debug|Any CPU
		{9786AEEC-16CA-47D6-B125-B4E5BD7CA2A0}.Release|Any CPU.ActiveCfg = Release|Any CPU
		{9786AEEC-16CA-47D6-B125-B4E5BD7CA2A0}.Release|Any CPU.Build.0 = Release|Any CPU
		{9786AEEC-16CA-47D6-B125-B4E5BD7CA2A0}.Release|x64.ActiveCfg = Release|Any CPU
		{9786AEEC-16CA-47D6-B125-B4E5BD7CA2A0}.Release|x64.Build.0 = Release|Any CPU
		{9786AEEC-16CA-47D6-B125-B4E5BD7CA2A0}.Release|x86.ActiveCfg = Release|Any CPU
		{9786AEEC-16CA-47D6-B125-B4E5BD7CA2A0}.Release|x86.Build.0 = Release|Any CPU
		{B4C0BE71-C006-4DE3-8C69-41253C47C393}.Debug|Any CPU.ActiveCfg = Debug|Win32
		{B4C0BE71-C006-4DE3-8C69-41253C47C393}.Debug|Any CPU.Build.0 = Debug|Win32
		{B4C0BE71-C006-4DE3-8C69-41253C47C393}.Debug|x64.ActiveCfg = Debug|x64
		{B4C0BE71-C006-4DE3-8C69-41253C47C393}.Debug|x64.Build.0 = Debug|x64
		{B4C0BE71-C006-4DE3-8C69-41253C47C393}.Debug|x86.ActiveCfg = Debug|Win32
		{B4C0BE71-C006-4DE3-8C69-41253C47C393}.Debug|x86.Build.0 = Debug|Win32
		{B4C0BE71-C006-4DE3-8C69-41253C47C393}.Release|Any CPU.ActiveCfg = Release|Win32
		{B4C0BE71-C006-4DE3-8C69-41253C47C393}.Release|Any CPU.Build.0 = Release|Win32
		{B4C0BE71-C006-4DE3-8C69-41253C47C393}.Release|x64.ActiveCfg = Release|x64
		{B4C0BE71-C006-4DE3-8C69-41253C47C393}.Release|x64.Build.0 = Release|x64
		{B4C0BE71-C006-4DE3-8C69-41253C47C393}.Release|x86.ActiveCfg = Release|Win32
		{B4C0BE71-C006-4DE3-8C69-41253C47C393}.Release|x86.Build.0 = Release|Win32
		{A5EC814B-ED75-4997-B127-8D8B8AC8EE3E}.Debug|Any CPU.ActiveCfg = Debug|Win32
		{A5EC814B-ED75-4997-B127-8D8B8AC8EE3E}.Debug|Any CPU.Build.0 = Debug|Win32
		{A5EC814B-ED75-4997-B127-8D8B8AC8EE3E}.Debug|x64.ActiveCfg = Debug|x64
		{A5EC814B-ED75-4997-B127-8D8B8AC8EE3E}.Debug|x64.Build.0 = Debug|x64
		{A5EC814B-ED75-4997-B127-8D8B8AC8EE3E}.Debug|x86.ActiveCfg = Debug|Win32
		{A5EC814B-ED75-4997-B127-8D8B8AC8EE3E}.Debug|x86.Build.0 = Debug|Win32
		{A5EC814B-ED75-4997-B127-8D8B8AC8EE3E}.Release|Any CPU.ActiveCfg = Release|Win32
		{A5EC814B-ED75-4997-B127-8D8B8AC8EE3E}.Release|Any CPU.Build.0 = Release|Win32
		{A5EC814B-ED75-4997-B127-8D8B8AC8EE3E}.Release|x64.ActiveCfg = Release|x64
		{A5EC814B-ED75-4997-B127-8D8B8AC8EE3E}.Release|x64.Build.0 = Release|x64
		{A5EC814B-ED75-4997-B127-8D8B8AC8EE3E}.Release|x86.ActiveCfg = Release|Win32
		{A5EC814B-ED75-4997-B127-8D8B8AC8EE3E}.Release|x86.Build.0 = Release|Win32
		{ECEC5B7F-FB49-4A27-9E47-7691B519AC1B}.Debug|Any CPU.ActiveCfg = Debug|Any CPU
		{ECEC5B7F-FB49-4A27-9E47-7691B519AC1B}.Debug|Any CPU.Build.0 = Debug|Any CPU
		{ECEC5B7F-FB49-4A27-9E47-7691B519AC1B}.Debug|x64.ActiveCfg = Debug|Any CPU
		{ECEC5B7F-FB49-4A27-9E47-7691B519AC1B}.Debug|x64.Build.0 = Debug|Any CPU
		{ECEC5B7F-FB49-4A27-9E47-7691B519AC1B}.Debug|x86.ActiveCfg = Debug|Any CPU
		{ECEC5B7F-FB49-4A27-9E47-7691B519AC1B}.Debug|x86.Build.0 = Debug|Any CPU
		{ECEC5B7F-FB49-4A27-9E47-7691B519AC1B}.Release|Any CPU.ActiveCfg = Release|Any CPU
		{ECEC5B7F-FB49-4A27-9E47-7691B519AC1B}.Release|Any CPU.Build.0 = Release|Any CPU
		{ECEC5B7F-FB49-4A27-9E47-7691B519AC1B}.Release|x64.ActiveCfg = Release|Any CPU
		{ECEC5B7F-FB49-4A27-9E47-7691B519AC1B}.Release|x64.Build.0 = Release|Any CPU
		{ECEC5B7F-FB49-4A27-9E47-7691B519AC1B}.Release|x86.ActiveCfg = Release|Any CPU
		{ECEC5B7F-FB49-4A27-9E47-7691B519AC1B}.Release|x86.Build.0 = Release|Any CPU
		{63A0163A-7B24-4F53-8BFF-8804438C4FAA}.Debug|Any CPU.ActiveCfg = Debug|Any CPU
		{63A0163A-7B24-4F53-8BFF-8804438C4FAA}.Debug|Any CPU.Build.0 = Debug|Any CPU
		{63A0163A-7B24-4F53-8BFF-8804438C4FAA}.Debug|x64.ActiveCfg = Debug|Any CPU
		{63A0163A-7B24-4F53-8BFF-8804438C4FAA}.Debug|x64.Build.0 = Debug|Any CPU
		{63A0163A-7B24-4F53-8BFF-8804438C4FAA}.Debug|x86.ActiveCfg = Debug|Any CPU
		{63A0163A-7B24-4F53-8BFF-8804438C4FAA}.Debug|x86.Build.0 = Debug|Any CPU
		{63A0163A-7B24-4F53-8BFF-8804438C4FAA}.Release|Any CPU.ActiveCfg = Release|Any CPU
		{63A0163A-7B24-4F53-8BFF-8804438C4FAA}.Release|Any CPU.Build.0 = Release|Any CPU
		{63A0163A-7B24-4F53-8BFF-8804438C4FAA}.Release|x64.ActiveCfg = Release|Any CPU
		{63A0163A-7B24-4F53-8BFF-8804438C4FAA}.Release|x64.Build.0 = Release|Any CPU
		{63A0163A-7B24-4F53-8BFF-8804438C4FAA}.Release|x86.ActiveCfg = Release|Any CPU
		{63A0163A-7B24-4F53-8BFF-8804438C4FAA}.Release|x86.Build.0 = Release|Any CPU
		{AFE24E30-B920-40B8-B58D-A937B5D2AE73}.Debug|Any CPU.ActiveCfg = Debug|Any CPU
		{AFE24E30-B920-40B8-B58D-A937B5D2AE73}.Debug|Any CPU.Build.0 = Debug|Any CPU
		{AFE24E30-B920-40B8-B58D-A937B5D2AE73}.Debug|x64.ActiveCfg = Debug|Any CPU
		{AFE24E30-B920-40B8-B58D-A937B5D2AE73}.Debug|x64.Build.0 = Debug|Any CPU
		{AFE24E30-B920-40B8-B58D-A937B5D2AE73}.Debug|x86.ActiveCfg = Debug|Any CPU
		{AFE24E30-B920-40B8-B58D-A937B5D2AE73}.Debug|x86.Build.0 = Debug|Any CPU
		{AFE24E30-B920-40B8-B58D-A937B5D2AE73}.Release|Any CPU.ActiveCfg = Release|Any CPU
		{AFE24E30-B920-40B8-B58D-A937B5D2AE73}.Release|Any CPU.Build.0 = Release|Any CPU
		{AFE24E30-B920-40B8-B58D-A937B5D2AE73}.Release|x64.ActiveCfg = Release|Any CPU
		{AFE24E30-B920-40B8-B58D-A937B5D2AE73}.Release|x64.Build.0 = Release|Any CPU
		{AFE24E30-B920-40B8-B58D-A937B5D2AE73}.Release|x86.ActiveCfg = Release|Any CPU
		{AFE24E30-B920-40B8-B58D-A937B5D2AE73}.Release|x86.Build.0 = Release|Any CPU
	EndGlobalSection
	GlobalSection(SolutionProperties) = preSolution
		HideSolutionNode = FALSE
	EndGlobalSection
EndGlobal
